
Microsoft Visual Studio Solution File, Format Version 12.00
# Visual Studio 15
VisualStudioVersion = 15.0.27130.2036
MinimumVisualStudioVersion = 10.0.40219.1
Project("{FAE04EC0-301F-11D3-BF4B-00C04F79EFBC}") = "WithoutSynchronization", "WithoutSynchronization\WithoutSynchronization.csproj", "{AF04DBA6-6487-4752-ACC5-F1DA92E994A0}"
EndProject
Global
	GlobalSection(SolutionConfigurationPlatforms) = preSolution
		Debug|Any CPU = Debug|Any CPU
		Release|Any CPU = Release|Any CPU
	EndGlobalSection
	GlobalSection(ProjectConfigurationPlatforms) = postSolution
		{AF04DBA6-6487-4752-ACC5-F1DA92E994A0}.Debug|Any CPU.ActiveCfg = Debug|Any CPU
		{AF04DBA6-6487-4752-ACC5-F1DA92E994A0}.Debug|Any CPU.Build.0 = Debug|Any CPU
		{AF04DBA6-6487-4752-ACC5-F1DA92E994A0}.Release|Any CPU.ActiveCfg = Release|Any CPU
		{AF04DBA6-6487-4752-ACC5-F1DA92E994A0}.Release|Any CPU.Build.0 = Release|Any CPU
	EndGlobalSection
	GlobalSection(SolutionProperties) = preSolution
		HideSolutionNode = FALSE
	EndGlobalSection
	GlobalSection(ExtensibilityGlobals) = postSolution
		SolutionGuid = {7747A0AA-EFCC-4CE1-8607-F2A73892AE3F}
	EndGlobalSection
EndGlobal
